// !$*UTF8*$!
{
	archiveVersion = 1;
	classes = {
	};
	objectVersion = 46;
	objects = {

/* Begin PBXBuildFile section */
		45C33133DE2999BF82D3141B /* Pods_captionTests.framework in Frameworks */ = {isa = PBXBuildFile; fileRef = EFF4F951A74FFD196953B240 /* Pods_captionTests.framework */; };
		6BE586C0B6ED34B7AB87E6BB /* Pods_caption.framework in Frameworks */ = {isa = PBXBuildFile; fileRef = 6B6D8DA23364BF0F5B2E2F70 /* Pods_caption.framework */; };
		6C1DFC9E1E98E6AE00ECB4EA /* SubtitleTableViewRow.swift in Sources */ = {isa = PBXBuildFile; fileRef = 6C1DFC9D1E98E6AE00ECB4EA /* SubtitleTableViewRow.swift */; };
		6C32947E1E99888800DF33EE /* OpenSubtitleHandlers.swift in Sources */ = {isa = PBXBuildFile; fileRef = 6C32947D1E99888800DF33EE /* OpenSubtitleHandlers.swift */; };
		6C4F3DCD1EA2690C000D0558 /* OpenSubtitleHash.swift in Sources */ = {isa = PBXBuildFile; fileRef = 6C4F3DCC1EA2690C000D0558 /* OpenSubtitleHash.swift */; };
		6C4F3DD01EA2693F000D0558 /* DragDropView.swift in Sources */ = {isa = PBXBuildFile; fileRef = 6C4F3DCF1EA2693F000D0558 /* DragDropView.swift */; };
		6C87E9271E98CD1B0069C445 /* CustomColorView.swift in Sources */ = {isa = PBXBuildFile; fileRef = 6C87E9261E98CD1B0069C445 /* CustomColorView.swift */; };
		6C87E9291E98D1840069C445 /* SubtitleLanguageModel.swift in Sources */ = {isa = PBXBuildFile; fileRef = 6C87E9281E98D1840069C445 /* SubtitleLanguageModel.swift */; };
		6C92A2DC1E9EB969000CAE18 /* OpenSubtitleDownloadHandler.swift in Sources */ = {isa = PBXBuildFile; fileRef = 6C92A2DB1E9EB969000CAE18 /* OpenSubtitleDownloadHandler.swift */; };
		6C934A741E98C2DB00821353 /* CustomWindowController.swift in Sources */ = {isa = PBXBuildFile; fileRef = 6C934A731E98C2DB00821353 /* CustomWindowController.swift */; };
		6C934A761E98C30900821353 /* CustomSearchField.swift in Sources */ = {isa = PBXBuildFile; fileRef = 6C934A751E98C30900821353 /* CustomSearchField.swift */; };
		6C96FBD31E8D354100678DB4 /* SubtitleSearchDataModel.swift in Sources */ = {isa = PBXBuildFile; fileRef = 6C96FBD21E8D354100678DB4 /* SubtitleSearchDataModel.swift */; };
		6C9D215D1E86A0DD00C653B0 /* AppDelegate.swift in Sources */ = {isa = PBXBuildFile; fileRef = 6C9D215C1E86A0DD00C653B0 /* AppDelegate.swift */; };
		6C9D215F1E86A0DD00C653B0 /* ViewController.swift in Sources */ = {isa = PBXBuildFile; fileRef = 6C9D215E1E86A0DD00C653B0 /* ViewController.swift */; };
		6C9D21611E86A0DD00C653B0 /* Assets.xcassets in Resources */ = {isa = PBXBuildFile; fileRef = 6C9D21601E86A0DD00C653B0 /* Assets.xcassets */; };
		6C9D21641E86A0DD00C653B0 /* Main.storyboard in Resources */ = {isa = PBXBuildFile; fileRef = 6C9D21621E86A0DD00C653B0 /* Main.storyboard */; };
		6C9D216F1E86A0DD00C653B0 /* captionTests.swift in Sources */ = {isa = PBXBuildFile; fileRef = 6C9D216E1E86A0DD00C653B0 /* captionTests.swift */; };
		6C9D217A1E86A0DD00C653B0 /* captionUITests.swift in Sources */ = {isa = PBXBuildFile; fileRef = 6C9D21791E86A0DD00C653B0 /* captionUITests.swift */; };
		6C9D218A1E86A10700C653B0 /* OpenSubtitleConfiguration.swift in Sources */ = {isa = PBXBuildFile; fileRef = 6C9D21891E86A10700C653B0 /* OpenSubtitleConfiguration.swift */; };
		6C9D218D1E86A14400C653B0 /* OpenSubtitleDataManager.swift in Sources */ = {isa = PBXBuildFile; fileRef = 6C9D218C1E86A14400C653B0 /* OpenSubtitleDataManager.swift */; };
		B575FAE798940D85D0CB3338 /* Pods_captionUITests.framework in Frameworks */ = {isa = PBXBuildFile; fileRef = CF5556EEE6325E45BB60F17A /* Pods_captionUITests.framework */; };
/* End PBXBuildFile section */

/* Begin PBXContainerItemProxy section */
		6C9D216B1E86A0DD00C653B0 /* PBXContainerItemProxy */ = {
			isa = PBXContainerItemProxy;
			containerPortal = 6C9D21511E86A0DD00C653B0 /* Project object */;
			proxyType = 1;
			remoteGlobalIDString = 6C9D21581E86A0DD00C653B0;
			remoteInfo = caption;
		};
		6C9D21761E86A0DD00C653B0 /* PBXContainerItemProxy */ = {
			isa = PBXContainerItemProxy;
			containerPortal = 6C9D21511E86A0DD00C653B0 /* Project object */;
			proxyType = 1;
			remoteGlobalIDString = 6C9D21581E86A0DD00C653B0;
			remoteInfo = caption;
		};
/* End PBXContainerItemProxy section */

/* Begin PBXFileReference section */
		46257F2ED0CEB96D224C0C42 /* Pods-captionUITests.debug.xcconfig */ = {isa = PBXFileReference; includeInIndex = 1; lastKnownFileType = text.xcconfig; name = "Pods-captionUITests.debug.xcconfig"; path = "Pods/Target Support Files/Pods-captionUITests/Pods-captionUITests.debug.xcconfig"; sourceTree = "<group>"; };
		480E2B3053EE013D963F5127 /* Pods-caption.debug.xcconfig */ = {isa = PBXFileReference; includeInIndex = 1; lastKnownFileType = text.xcconfig; name = "Pods-caption.debug.xcconfig"; path = "Pods/Target Support Files/Pods-caption/Pods-caption.debug.xcconfig"; sourceTree = "<group>"; };
		5708EC50173C0EE642C787F7 /* Pods-captionUITests.release.xcconfig */ = {isa = PBXFileReference; includeInIndex = 1; lastKnownFileType = text.xcconfig; name = "Pods-captionUITests.release.xcconfig"; path = "Pods/Target Support Files/Pods-captionUITests/Pods-captionUITests.release.xcconfig"; sourceTree = "<group>"; };
		588512A1A40E9F74318F16B8 /* Pods-captionTests.release.xcconfig */ = {isa = PBXFileReference; includeInIndex = 1; lastKnownFileType = text.xcconfig; name = "Pods-captionTests.release.xcconfig"; path = "Pods/Target Support Files/Pods-captionTests/Pods-captionTests.release.xcconfig"; sourceTree = "<group>"; };
		6B6D8DA23364BF0F5B2E2F70 /* Pods_caption.framework */ = {isa = PBXFileReference; explicitFileType = wrapper.framework; includeInIndex = 0; path = Pods_caption.framework; sourceTree = BUILT_PRODUCTS_DIR; };
		6C1DFC9D1E98E6AE00ECB4EA /* SubtitleTableViewRow.swift */ = {isa = PBXFileReference; fileEncoding = 4; lastKnownFileType = sourcecode.swift; path = SubtitleTableViewRow.swift; sourceTree = "<group>"; };
		6C32947D1E99888800DF33EE /* OpenSubtitleHandlers.swift */ = {isa = PBXFileReference; fileEncoding = 4; lastKnownFileType = sourcecode.swift; path = OpenSubtitleHandlers.swift; sourceTree = "<group>"; };
		6C4F3DCC1EA2690C000D0558 /* OpenSubtitleHash.swift */ = {isa = PBXFileReference; fileEncoding = 4; lastKnownFileType = sourcecode.swift; path = OpenSubtitleHash.swift; sourceTree = "<group>"; };
		6C4F3DCF1EA2693F000D0558 /* DragDropView.swift */ = {isa = PBXFileReference; fileEncoding = 4; lastKnownFileType = sourcecode.swift; path = DragDropView.swift; sourceTree = "<group>"; };
		6C87E9261E98CD1B0069C445 /* CustomColorView.swift */ = {isa = PBXFileReference; fileEncoding = 4; lastKnownFileType = sourcecode.swift; path = CustomColorView.swift; sourceTree = "<group>"; };
		6C87E9281E98D1840069C445 /* SubtitleLanguageModel.swift */ = {isa = PBXFileReference; fileEncoding = 4; lastKnownFileType = sourcecode.swift; path = SubtitleLanguageModel.swift; sourceTree = "<group>"; };
		6C92A2DB1E9EB969000CAE18 /* OpenSubtitleDownloadHandler.swift */ = {isa = PBXFileReference; fileEncoding = 4; lastKnownFileType = sourcecode.swift; path = OpenSubtitleDownloadHandler.swift; sourceTree = "<group>"; };
		6C934A731E98C2DB00821353 /* CustomWindowController.swift */ = {isa = PBXFileReference; fileEncoding = 4; lastKnownFileType = sourcecode.swift; path = CustomWindowController.swift; sourceTree = "<group>"; };
		6C934A751E98C30900821353 /* CustomSearchField.swift */ = {isa = PBXFileReference; fileEncoding = 4; lastKnownFileType = sourcecode.swift; path = CustomSearchField.swift; sourceTree = "<group>"; };
		6C96FBD21E8D354100678DB4 /* SubtitleSearchDataModel.swift */ = {isa = PBXFileReference; fileEncoding = 4; lastKnownFileType = sourcecode.swift; path = SubtitleSearchDataModel.swift; sourceTree = "<group>"; };
		6C9D21591E86A0DD00C653B0 /* caption.app */ = {isa = PBXFileReference; explicitFileType = wrapper.application; includeInIndex = 0; path = caption.app; sourceTree = BUILT_PRODUCTS_DIR; };
		6C9D215C1E86A0DD00C653B0 /* AppDelegate.swift */ = {isa = PBXFileReference; lastKnownFileType = sourcecode.swift; path = AppDelegate.swift; sourceTree = "<group>"; };
		6C9D215E1E86A0DD00C653B0 /* ViewController.swift */ = {isa = PBXFileReference; lastKnownFileType = sourcecode.swift; path = ViewController.swift; sourceTree = "<group>"; };
		6C9D21601E86A0DD00C653B0 /* Assets.xcassets */ = {isa = PBXFileReference; lastKnownFileType = folder.assetcatalog; path = Assets.xcassets; sourceTree = "<group>"; };
		6C9D21631E86A0DD00C653B0 /* Base */ = {isa = PBXFileReference; lastKnownFileType = file.storyboard; name = Base; path = Base.lproj/Main.storyboard; sourceTree = "<group>"; };
		6C9D21651E86A0DD00C653B0 /* Info.plist */ = {isa = PBXFileReference; lastKnownFileType = text.plist.xml; path = Info.plist; sourceTree = "<group>"; };
		6C9D216A1E86A0DD00C653B0 /* captionTests.xctest */ = {isa = PBXFileReference; explicitFileType = wrapper.cfbundle; includeInIndex = 0; path = captionTests.xctest; sourceTree = BUILT_PRODUCTS_DIR; };
		6C9D216E1E86A0DD00C653B0 /* captionTests.swift */ = {isa = PBXFileReference; lastKnownFileType = sourcecode.swift; path = captionTests.swift; sourceTree = "<group>"; };
		6C9D21701E86A0DD00C653B0 /* Info.plist */ = {isa = PBXFileReference; lastKnownFileType = text.plist.xml; path = Info.plist; sourceTree = "<group>"; };
		6C9D21751E86A0DD00C653B0 /* captionUITests.xctest */ = {isa = PBXFileReference; explicitFileType = wrapper.cfbundle; includeInIndex = 0; path = captionUITests.xctest; sourceTree = BUILT_PRODUCTS_DIR; };
		6C9D21791E86A0DD00C653B0 /* captionUITests.swift */ = {isa = PBXFileReference; lastKnownFileType = sourcecode.swift; path = captionUITests.swift; sourceTree = "<group>"; };
		6C9D217B1E86A0DD00C653B0 /* Info.plist */ = {isa = PBXFileReference; lastKnownFileType = text.plist.xml; path = Info.plist; sourceTree = "<group>"; };
		6C9D21891E86A10700C653B0 /* OpenSubtitleConfiguration.swift */ = {isa = PBXFileReference; fileEncoding = 4; lastKnownFileType = sourcecode.swift; path = OpenSubtitleConfiguration.swift; sourceTree = "<group>"; };
		6C9D218C1E86A14400C653B0 /* OpenSubtitleDataManager.swift */ = {isa = PBXFileReference; fileEncoding = 4; lastKnownFileType = sourcecode.swift; path = OpenSubtitleDataManager.swift; sourceTree = "<group>"; };
		ACD17C1E7F93733EEDAF3E2D /* Pods-captionTests.debug.xcconfig */ = {isa = PBXFileReference; includeInIndex = 1; lastKnownFileType = text.xcconfig; name = "Pods-captionTests.debug.xcconfig"; path = "Pods/Target Support Files/Pods-captionTests/Pods-captionTests.debug.xcconfig"; sourceTree = "<group>"; };
		B4CE11724EEC50E1E1A413D4 /* Pods-caption.release.xcconfig */ = {isa = PBXFileReference; includeInIndex = 1; lastKnownFileType = text.xcconfig; name = "Pods-caption.release.xcconfig"; path = "Pods/Target Support Files/Pods-caption/Pods-caption.release.xcconfig"; sourceTree = "<group>"; };
		CF5556EEE6325E45BB60F17A /* Pods_captionUITests.framework */ = {isa = PBXFileReference; explicitFileType = wrapper.framework; includeInIndex = 0; path = Pods_captionUITests.framework; sourceTree = BUILT_PRODUCTS_DIR; };
		EFF4F951A74FFD196953B240 /* Pods_captionTests.framework */ = {isa = PBXFileReference; explicitFileType = wrapper.framework; includeInIndex = 0; path = Pods_captionTests.framework; sourceTree = BUILT_PRODUCTS_DIR; };
/* End PBXFileReference section */

/* Begin PBXFrameworksBuildPhase section */
		6C9D21561E86A0DD00C653B0 /* Frameworks */ = {
			isa = PBXFrameworksBuildPhase;
			buildActionMask = 2147483647;
			files = (
				6BE586C0B6ED34B7AB87E6BB /* Pods_caption.framework in Frameworks */,
			);
			runOnlyForDeploymentPostprocessing = 0;
		};
		6C9D21671E86A0DD00C653B0 /* Frameworks */ = {
			isa = PBXFrameworksBuildPhase;
			buildActionMask = 2147483647;
			files = (
				45C33133DE2999BF82D3141B /* Pods_captionTests.framework in Frameworks */,
			);
			runOnlyForDeploymentPostprocessing = 0;
		};
		6C9D21721E86A0DD00C653B0 /* Frameworks */ = {
			isa = PBXFrameworksBuildPhase;
			buildActionMask = 2147483647;
			files = (
				B575FAE798940D85D0CB3338 /* Pods_captionUITests.framework in Frameworks */,
			);
			runOnlyForDeploymentPostprocessing = 0;
		};
/* End PBXFrameworksBuildPhase section */

/* Begin PBXGroup section */
		6C32947C1E99886800DF33EE /* DataHandlers */ = {
			isa = PBXGroup;
			children = (
				6C32947D1E99888800DF33EE /* OpenSubtitleHandlers.swift */,
				6C92A2DB1E9EB969000CAE18 /* OpenSubtitleDownloadHandler.swift */,
			);
			name = DataHandlers;
			sourceTree = "<group>";
		};
		6C4F3DCE1EA26916000D0558 /* Hashes */ = {
			isa = PBXGroup;
			children = (
				6C4F3DCC1EA2690C000D0558 /* OpenSubtitleHash.swift */,
			);
			name = Hashes;
			sourceTree = "<group>";
		};
		6C934A771E98C31600821353 /* Subclass */ = {
			isa = PBXGroup;
			children = (
				6C934A731E98C2DB00821353 /* CustomWindowController.swift */,
				6C934A751E98C30900821353 /* CustomSearchField.swift */,
				6C87E9261E98CD1B0069C445 /* CustomColorView.swift */,
				6C1DFC9D1E98E6AE00ECB4EA /* SubtitleTableViewRow.swift */,
				6C4F3DCF1EA2693F000D0558 /* DragDropView.swift */,
			);
			name = Subclass;
			sourceTree = "<group>";
		};
		6C96FBD11E8D351E00678DB4 /* DataModels */ = {
			isa = PBXGroup;
			children = (
				6C96FBD21E8D354100678DB4 /* SubtitleSearchDataModel.swift */,
				6C87E9281E98D1840069C445 /* SubtitleLanguageModel.swift */,
			);
			name = DataModels;
			sourceTree = "<group>";
		};
		6C9D21501E86A0DD00C653B0 = {
			isa = PBXGroup;
			children = (
				6C9D215B1E86A0DD00C653B0 /* caption */,
				6C9D216D1E86A0DD00C653B0 /* captionTests */,
				6C9D21781E86A0DD00C653B0 /* captionUITests */,
				6C9D215A1E86A0DD00C653B0 /* Products */,
				CC659CA618C19E90BC927A0E /* Pods */,
				A16C8AAD4EDB5ECD0BFB8064 /* Frameworks */,
			);
			sourceTree = "<group>";
		};
		6C9D215A1E86A0DD00C653B0 /* Products */ = {
			isa = PBXGroup;
			children = (
				6C9D21591E86A0DD00C653B0 /* caption.app */,
				6C9D216A1E86A0DD00C653B0 /* captionTests.xctest */,
				6C9D21751E86A0DD00C653B0 /* captionUITests.xctest */,
			);
			name = Products;
			sourceTree = "<group>";
		};
		6C9D215B1E86A0DD00C653B0 /* caption */ = {
			isa = PBXGroup;
			children = (
				6C9D215C1E86A0DD00C653B0 /* AppDelegate.swift */,
				6C9D215E1E86A0DD00C653B0 /* ViewController.swift */,
				6C9D218B1E86A12E00C653B0 /* Configuration */,
				6C9D218E1E86A14C00C653B0 /* DataManagers */,
				6C32947C1E99886800DF33EE /* DataHandlers */,
				6C96FBD11E8D351E00678DB4 /* DataModels */,
				6C934A771E98C31600821353 /* Subclass */,
				6C4F3DCE1EA26916000D0558 /* Hashes */,
				6C9D21601E86A0DD00C653B0 /* Assets.xcassets */,
				6C9D21621E86A0DD00C653B0 /* Main.storyboard */,
				6C9D21651E86A0DD00C653B0 /* Info.plist */,
			);
			path = caption;
			sourceTree = "<group>";
		};
		6C9D216D1E86A0DD00C653B0 /* captionTests */ = {
			isa = PBXGroup;
			children = (
				6C9D216E1E86A0DD00C653B0 /* captionTests.swift */,
				6C9D21701E86A0DD00C653B0 /* Info.plist */,
			);
			path = captionTests;
			sourceTree = "<group>";
		};
		6C9D21781E86A0DD00C653B0 /* captionUITests */ = {
			isa = PBXGroup;
			children = (
				6C9D21791E86A0DD00C653B0 /* captionUITests.swift */,
				6C9D217B1E86A0DD00C653B0 /* Info.plist */,
			);
			path = captionUITests;
			sourceTree = "<group>";
		};
		6C9D218B1E86A12E00C653B0 /* Configuration */ = {
			isa = PBXGroup;
			children = (
				6C9D21891E86A10700C653B0 /* OpenSubtitleConfiguration.swift */,
			);
			name = Configuration;
			sourceTree = "<group>";
		};
		6C9D218E1E86A14C00C653B0 /* DataManagers */ = {
			isa = PBXGroup;
			children = (
				6C9D218C1E86A14400C653B0 /* OpenSubtitleDataManager.swift */,
			);
			name = DataManagers;
			sourceTree = "<group>";
		};
		A16C8AAD4EDB5ECD0BFB8064 /* Frameworks */ = {
			isa = PBXGroup;
			children = (
				6B6D8DA23364BF0F5B2E2F70 /* Pods_caption.framework */,
				EFF4F951A74FFD196953B240 /* Pods_captionTests.framework */,
				CF5556EEE6325E45BB60F17A /* Pods_captionUITests.framework */,
			);
			name = Frameworks;
			sourceTree = "<group>";
		};
		CC659CA618C19E90BC927A0E /* Pods */ = {
			isa = PBXGroup;
			children = (
				480E2B3053EE013D963F5127 /* Pods-caption.debug.xcconfig */,
				B4CE11724EEC50E1E1A413D4 /* Pods-caption.release.xcconfig */,
				ACD17C1E7F93733EEDAF3E2D /* Pods-captionTests.debug.xcconfig */,
				588512A1A40E9F74318F16B8 /* Pods-captionTests.release.xcconfig */,
				46257F2ED0CEB96D224C0C42 /* Pods-captionUITests.debug.xcconfig */,
				5708EC50173C0EE642C787F7 /* Pods-captionUITests.release.xcconfig */,
			);
			name = Pods;
			sourceTree = "<group>";
		};
/* End PBXGroup section */

/* Begin PBXNativeTarget section */
		6C9D21581E86A0DD00C653B0 /* caption */ = {
			isa = PBXNativeTarget;
			buildConfigurationList = 6C9D217E1E86A0DD00C653B0 /* Build configuration list for PBXNativeTarget "caption" */;
			buildPhases = (
				A95CD141677368F3318E7521 /* [CP] Check Pods Manifest.lock */,
				6C9D21551E86A0DD00C653B0 /* Sources */,
				6C9D21561E86A0DD00C653B0 /* Frameworks */,
				6C9D21571E86A0DD00C653B0 /* Resources */,
				60FFDDDFCA76FF1F1BD4DC7A /* [CP] Embed Pods Frameworks */,
				051892208F5D0CB30B105E7B /* [CP] Copy Pods Resources */,
			);
			buildRules = (
			);
			dependencies = (
			);
			name = caption;
			productName = caption;
			productReference = 6C9D21591E86A0DD00C653B0 /* caption.app */;
			productType = "com.apple.product-type.application";
		};
		6C9D21691E86A0DD00C653B0 /* captionTests */ = {
			isa = PBXNativeTarget;
			buildConfigurationList = 6C9D21811E86A0DD00C653B0 /* Build configuration list for PBXNativeTarget "captionTests" */;
			buildPhases = (
				7C7432A22D84A942461342A0 /* [CP] Check Pods Manifest.lock */,
				6C9D21661E86A0DD00C653B0 /* Sources */,
				6C9D21671E86A0DD00C653B0 /* Frameworks */,
				6C9D21681E86A0DD00C653B0 /* Resources */,
				5C6C63FC6F338CA61928AF6F /* [CP] Embed Pods Frameworks */,
				06D6D19013C8BBB4E2A8ADF2 /* [CP] Copy Pods Resources */,
			);
			buildRules = (
			);
			dependencies = (
				6C9D216C1E86A0DD00C653B0 /* PBXTargetDependency */,
			);
			name = captionTests;
			productName = captionTests;
			productReference = 6C9D216A1E86A0DD00C653B0 /* captionTests.xctest */;
			productType = "com.apple.product-type.bundle.unit-test";
		};
		6C9D21741E86A0DD00C653B0 /* captionUITests */ = {
			isa = PBXNativeTarget;
			buildConfigurationList = 6C9D21841E86A0DD00C653B0 /* Build configuration list for PBXNativeTarget "captionUITests" */;
			buildPhases = (
				EA5766E003CAEA6FFC4CF7B5 /* [CP] Check Pods Manifest.lock */,
				6C9D21711E86A0DD00C653B0 /* Sources */,
				6C9D21721E86A0DD00C653B0 /* Frameworks */,
				6C9D21731E86A0DD00C653B0 /* Resources */,
				690E0B6A166F816C7D08D6E0 /* [CP] Embed Pods Frameworks */,
				93F4324EFD8883CD7895794B /* [CP] Copy Pods Resources */,
			);
			buildRules = (
			);
			dependencies = (
				6C9D21771E86A0DD00C653B0 /* PBXTargetDependency */,
			);
			name = captionUITests;
			productName = captionUITests;
			productReference = 6C9D21751E86A0DD00C653B0 /* captionUITests.xctest */;
			productType = "com.apple.product-type.bundle.ui-testing";
		};
/* End PBXNativeTarget section */

/* Begin PBXProject section */
		6C9D21511E86A0DD00C653B0 /* Project object */ = {
			isa = PBXProject;
			attributes = {
				LastSwiftUpdateCheck = 0820;
				LastUpgradeCheck = 0820;
				ORGANIZATIONNAME = "Wouter van de Kamp";
				TargetAttributes = {
					6C9D21581E86A0DD00C653B0 = {
						CreatedOnToolsVersion = 8.2.1;
						DevelopmentTeam = JU6AZT44CN;
						ProvisioningStyle = Automatic;
					};
					6C9D21691E86A0DD00C653B0 = {
						CreatedOnToolsVersion = 8.2.1;
						DevelopmentTeam = JU6AZT44CN;
						ProvisioningStyle = Automatic;
						TestTargetID = 6C9D21581E86A0DD00C653B0;
					};
					6C9D21741E86A0DD00C653B0 = {
						CreatedOnToolsVersion = 8.2.1;
						DevelopmentTeam = JU6AZT44CN;
						ProvisioningStyle = Automatic;
						TestTargetID = 6C9D21581E86A0DD00C653B0;
					};
				};
			};
			buildConfigurationList = 6C9D21541E86A0DD00C653B0 /* Build configuration list for PBXProject "caption" */;
			compatibilityVersion = "Xcode 3.2";
			developmentRegion = English;
			hasScannedForEncodings = 0;
			knownRegions = (
				en,
				Base,
			);
			mainGroup = 6C9D21501E86A0DD00C653B0;
			productRefGroup = 6C9D215A1E86A0DD00C653B0 /* Products */;
			projectDirPath = "";
			projectRoot = "";
			targets = (
				6C9D21581E86A0DD00C653B0 /* caption */,
				6C9D21691E86A0DD00C653B0 /* captionTests */,
				6C9D21741E86A0DD00C653B0 /* captionUITests */,
			);
		};
/* End PBXProject section */

/* Begin PBXResourcesBuildPhase section */
		6C9D21571E86A0DD00C653B0 /* Resources */ = {
			isa = PBXResourcesBuildPhase;
			buildActionMask = 2147483647;
			files = (
				6C9D21611E86A0DD00C653B0 /* Assets.xcassets in Resources */,
				6C9D21641E86A0DD00C653B0 /* Main.storyboard in Resources */,
			);
			runOnlyForDeploymentPostprocessing = 0;
		};
		6C9D21681E86A0DD00C653B0 /* Resources */ = {
			isa = PBXResourcesBuildPhase;
			buildActionMask = 2147483647;
			files = (
			);
			runOnlyForDeploymentPostprocessing = 0;
		};
		6C9D21731E86A0DD00C653B0 /* Resources */ = {
			isa = PBXResourcesBuildPhase;
			buildActionMask = 2147483647;
			files = (
			);
			runOnlyForDeploymentPostprocessing = 0;
		};
/* End PBXResourcesBuildPhase section */

/* Begin PBXShellScriptBuildPhase section */
		051892208F5D0CB30B105E7B /* [CP] Copy Pods Resources */ = {
			isa = PBXShellScriptBuildPhase;
			buildActionMask = 2147483647;
			files = (
			);
			inputPaths = (
			);
			name = "[CP] Copy Pods Resources";
			outputPaths = (
			);
			runOnlyForDeploymentPostprocessing = 0;
			shellPath = /bin/sh;
			shellScript = "\"${SRCROOT}/Pods/Target Support Files/Pods-caption/Pods-caption-resources.sh\"\n";
			showEnvVarsInLog = 0;
		};
		06D6D19013C8BBB4E2A8ADF2 /* [CP] Copy Pods Resources */ = {
			isa = PBXShellScriptBuildPhase;
			buildActionMask = 2147483647;
			files = (
			);
			inputPaths = (
			);
			name = "[CP] Copy Pods Resources";
			outputPaths = (
			);
			runOnlyForDeploymentPostprocessing = 0;
			shellPath = /bin/sh;
			shellScript = "\"${SRCROOT}/Pods/Target Support Files/Pods-captionTests/Pods-captionTests-resources.sh\"\n";
			showEnvVarsInLog = 0;
		};
		5C6C63FC6F338CA61928AF6F /* [CP] Embed Pods Frameworks */ = {
			isa = PBXShellScriptBuildPhase;
			buildActionMask = 2147483647;
			files = (
			);
			inputPaths = (
			);
			name = "[CP] Embed Pods Frameworks";
			outputPaths = (
			);
			runOnlyForDeploymentPostprocessing = 0;
			shellPath = /bin/sh;
			shellScript = "\"${SRCROOT}/Pods/Target Support Files/Pods-captionTests/Pods-captionTests-frameworks.sh\"\n";
			showEnvVarsInLog = 0;
		};
		60FFDDDFCA76FF1F1BD4DC7A /* [CP] Embed Pods Frameworks */ = {
			isa = PBXShellScriptBuildPhase;
			buildActionMask = 2147483647;
			files = (
			);
			inputPaths = (
			);
			name = "[CP] Embed Pods Frameworks";
			outputPaths = (
			);
			runOnlyForDeploymentPostprocessing = 0;
			shellPath = /bin/sh;
			shellScript = "\"${SRCROOT}/Pods/Target Support Files/Pods-caption/Pods-caption-frameworks.sh\"\n";
			showEnvVarsInLog = 0;
		};
		690E0B6A166F816C7D08D6E0 /* [CP] Embed Pods Frameworks */ = {
			isa = PBXShellScriptBuildPhase;
			buildActionMask = 2147483647;
			files = (
			);
			inputPaths = (
			);
			name = "[CP] Embed Pods Frameworks";
			outputPaths = (
			);
			runOnlyForDeploymentPostprocessing = 0;
			shellPath = /bin/sh;
			shellScript = "\"${SRCROOT}/Pods/Target Support Files/Pods-captionUITests/Pods-captionUITests-frameworks.sh\"\n";
			showEnvVarsInLog = 0;
		};
		7C7432A22D84A942461342A0 /* [CP] Check Pods Manifest.lock */ = {
			isa = PBXShellScriptBuildPhase;
			buildActionMask = 2147483647;
			files = (
			);
			inputPaths = (
			);
			name = "[CP] Check Pods Manifest.lock";
			outputPaths = (
			);
			runOnlyForDeploymentPostprocessing = 0;
			shellPath = /bin/sh;
			shellScript = "diff \"${PODS_ROOT}/../Podfile.lock\" \"${PODS_ROOT}/Manifest.lock\" > /dev/null\nif [ $? != 0 ] ; then\n    # print error to STDERR\n    echo \"error: The sandbox is not in sync with the Podfile.lock. Run 'pod install' or update your CocoaPods installation.\" >&2\n    exit 1\nfi\n";
			showEnvVarsInLog = 0;
		};
		93F4324EFD8883CD7895794B /* [CP] Copy Pods Resources */ = {
			isa = PBXShellScriptBuildPhase;
			buildActionMask = 2147483647;
			files = (
			);
			inputPaths = (
			);
			name = "[CP] Copy Pods Resources";
			outputPaths = (
			);
			runOnlyForDeploymentPostprocessing = 0;
			shellPath = /bin/sh;
			shellScript = "\"${SRCROOT}/Pods/Target Support Files/Pods-captionUITests/Pods-captionUITests-resources.sh\"\n";
			showEnvVarsInLog = 0;
		};
		A95CD141677368F3318E7521 /* [CP] Check Pods Manifest.lock */ = {
			isa = PBXShellScriptBuildPhase;
			buildActionMask = 2147483647;
			files = (
			);
			inputPaths = (
			);
			name = "[CP] Check Pods Manifest.lock";
			outputPaths = (
			);
			runOnlyForDeploymentPostprocessing = 0;
			shellPath = /bin/sh;
			shellScript = "diff \"${PODS_ROOT}/../Podfile.lock\" \"${PODS_ROOT}/Manifest.lock\" > /dev/null\nif [ $? != 0 ] ; then\n    # print error to STDERR\n    echo \"error: The sandbox is not in sync with the Podfile.lock. Run 'pod install' or update your CocoaPods installation.\" >&2\n    exit 1\nfi\n";
			showEnvVarsInLog = 0;
		};
		EA5766E003CAEA6FFC4CF7B5 /* [CP] Check Pods Manifest.lock */ = {
			isa = PBXShellScriptBuildPhase;
			buildActionMask = 2147483647;
			files = (
			);
			inputPaths = (
			);
			name = "[CP] Check Pods Manifest.lock";
			outputPaths = (
			);
			runOnlyForDeploymentPostprocessing = 0;
			shellPath = /bin/sh;
			shellScript = "diff \"${PODS_ROOT}/../Podfile.lock\" \"${PODS_ROOT}/Manifest.lock\" > /dev/null\nif [ $? != 0 ] ; then\n    # print error to STDERR\n    echo \"error: The sandbox is not in sync with the Podfile.lock. Run 'pod install' or update your CocoaPods installation.\" >&2\n    exit 1\nfi\n";
			showEnvVarsInLog = 0;
		};
/* End PBXShellScriptBuildPhase section */

/* Begin PBXSourcesBuildPhase section */
		6C9D21551E86A0DD00C653B0 /* Sources */ = {
			isa = PBXSourcesBuildPhase;
			buildActionMask = 2147483647;
			files = (
				6C92A2DC1E9EB969000CAE18 /* OpenSubtitleDownloadHandler.swift in Sources */,
				6C4F3DD01EA2693F000D0558 /* DragDropView.swift in Sources */,
				6C96FBD31E8D354100678DB4 /* SubtitleSearchDataModel.swift in Sources */,
				6C87E9291E98D1840069C445 /* SubtitleLanguageModel.swift in Sources */,
				6C9D215F1E86A0DD00C653B0 /* ViewController.swift in Sources */,
				6C934A761E98C30900821353 /* CustomSearchField.swift in Sources */,
				6C934A741E98C2DB00821353 /* CustomWindowController.swift in Sources */,
				6C9D218A1E86A10700C653B0 /* OpenSubtitleConfiguration.swift in Sources */,
				6C87E9271E98CD1B0069C445 /* CustomColorView.swift in Sources */,
				6C4F3DCD1EA2690C000D0558 /* OpenSubtitleHash.swift in Sources */,
				6C32947E1E99888800DF33EE /* OpenSubtitleHandlers.swift in Sources */,
				6C9D215D1E86A0DD00C653B0 /* AppDelegate.swift in Sources */,
				6C1DFC9E1E98E6AE00ECB4EA /* SubtitleTableViewRow.swift in Sources */,
				6C9D218D1E86A14400C653B0 /* OpenSubtitleDataManager.swift in Sources */,
			);
			runOnlyForDeploymentPostprocessing = 0;
		};
		6C9D21661E86A0DD00C653B0 /* Sources */ = {
			isa = PBXSourcesBuildPhase;
			buildActionMask = 2147483647;
			files = (
				6C9D216F1E86A0DD00C653B0 /* captionTests.swift in Sources */,
			);
			runOnlyForDeploymentPostprocessing = 0;
		};
		6C9D21711E86A0DD00C653B0 /* Sources */ = {
			isa = PBXSourcesBuildPhase;
			buildActionMask = 2147483647;
			files = (
				6C9D217A1E86A0DD00C653B0 /* captionUITests.swift in Sources */,
			);
			runOnlyForDeploymentPostprocessing = 0;
		};
/* End PBXSourcesBuildPhase section */

/* Begin PBXTargetDependency section */
		6C9D216C1E86A0DD00C653B0 /* PBXTargetDependency */ = {
			isa = PBXTargetDependency;
			target = 6C9D21581E86A0DD00C653B0 /* caption */;
			targetProxy = 6C9D216B1E86A0DD00C653B0 /* PBXContainerItemProxy */;
		};
		6C9D21771E86A0DD00C653B0 /* PBXTargetDependency */ = {
			isa = PBXTargetDependency;
			target = 6C9D21581E86A0DD00C653B0 /* caption */;
			targetProxy = 6C9D21761E86A0DD00C653B0 /* PBXContainerItemProxy */;
		};
/* End PBXTargetDependency section */

/* Begin PBXVariantGroup section */
		6C9D21621E86A0DD00C653B0 /* Main.storyboard */ = {
			isa = PBXVariantGroup;
			children = (
				6C9D21631E86A0DD00C653B0 /* Base */,
			);
			name = Main.storyboard;
			sourceTree = "<group>";
		};
/* End PBXVariantGroup section */

/* Begin XCBuildConfiguration section */
		6C9D217C1E86A0DD00C653B0 /* Debug */ = {
			isa = XCBuildConfiguration;
			buildSettings = {
				ALWAYS_SEARCH_USER_PATHS = NO;
				CLANG_ANALYZER_NONNULL = YES;
				CLANG_CXX_LANGUAGE_STANDARD = "gnu++0x";
				CLANG_CXX_LIBRARY = "libc++";
				CLANG_ENABLE_MODULES = YES;
				CLANG_ENABLE_OBJC_ARC = YES;
				CLANG_WARN_BOOL_CONVERSION = YES;
				CLANG_WARN_CONSTANT_CONVERSION = YES;
				CLANG_WARN_DIRECT_OBJC_ISA_USAGE = YES_ERROR;
				CLANG_WARN_DOCUMENTATION_COMMENTS = YES;
				CLANG_WARN_EMPTY_BODY = YES;
				CLANG_WARN_ENUM_CONVERSION = YES;
				CLANG_WARN_INFINITE_RECURSION = YES;
				CLANG_WARN_INT_CONVERSION = YES;
				CLANG_WARN_OBJC_ROOT_CLASS = YES_ERROR;
				CLANG_WARN_SUSPICIOUS_MOVE = YES;
				CLANG_WARN_UNREACHABLE_CODE = YES;
				CLANG_WARN__DUPLICATE_METHOD_MATCH = YES;
				CODE_SIGN_IDENTITY = "-";
				COPY_PHASE_STRIP = NO;
				DEBUG_INFORMATION_FORMAT = dwarf;
				ENABLE_STRICT_OBJC_MSGSEND = YES;
				ENABLE_TESTABILITY = YES;
				GCC_C_LANGUAGE_STANDARD = gnu99;
				GCC_DYNAMIC_NO_PIC = NO;
				GCC_NO_COMMON_BLOCKS = YES;
				GCC_OPTIMIZATION_LEVEL = 0;
				GCC_PREPROCESSOR_DEFINITIONS = (
					"DEBUG=1",
					"$(inherited)",
				);
				GCC_WARN_64_TO_32_BIT_CONVERSION = YES;
				GCC_WARN_ABOUT_RETURN_TYPE = YES_ERROR;
				GCC_WARN_UNDECLARED_SELECTOR = YES;
				GCC_WARN_UNINITIALIZED_AUTOS = YES_AGGRESSIVE;
				GCC_WARN_UNUSED_FUNCTION = YES;
				GCC_WARN_UNUSED_VARIABLE = YES;
				MACOSX_DEPLOYMENT_TARGET = 10.12;
				MTL_ENABLE_DEBUG_INFO = YES;
				ONLY_ACTIVE_ARCH = YES;
				SDKROOT = macosx;
				SWIFT_ACTIVE_COMPILATION_CONDITIONS = DEBUG;
				SWIFT_OPTIMIZATION_LEVEL = "-Onone";
			};
			name = Debug;
		};
		6C9D217D1E86A0DD00C653B0 /* Release */ = {
			isa = XCBuildConfiguration;
			buildSettings = {
				ALWAYS_SEARCH_USER_PATHS = NO;
				CLANG_ANALYZER_NONNULL = YES;
				CLANG_CXX_LANGUAGE_STANDARD = "gnu++0x";
				CLANG_CXX_LIBRARY = "libc++";
				CLANG_ENABLE_MODULES = YES;
				CLANG_ENABLE_OBJC_ARC = YES;
				CLANG_WARN_BOOL_CONVERSION = YES;
				CLANG_WARN_CONSTANT_CONVERSION = YES;
				CLANG_WARN_DIRECT_OBJC_ISA_USAGE = YES_ERROR;
				CLANG_WARN_DOCUMENTATION_COMMENTS = YES;
				CLANG_WARN_EMPTY_BODY = YES;
				CLANG_WARN_ENUM_CONVERSION = YES;
				CLANG_WARN_INFINITE_RECURSION = YES;
				CLANG_WARN_INT_CONVERSION = YES;
				CLANG_WARN_OBJC_ROOT_CLASS = YES_ERROR;
				CLANG_WARN_SUSPICIOUS_MOVE = YES;
				CLANG_WARN_UNREACHABLE_CODE = YES;
				CLANG_WARN__DUPLICATE_METHOD_MATCH = YES;
				CODE_SIGN_IDENTITY = "-";
				COPY_PHASE_STRIP = NO;
				DEBUG_INFORMATION_FORMAT = "dwarf-with-dsym";
				ENABLE_NS_ASSERTIONS = NO;
				ENABLE_STRICT_OBJC_MSGSEND = YES;
				GCC_C_LANGUAGE_STANDARD = gnu99;
				GCC_NO_COMMON_BLOCKS = YES;
				GCC_WARN_64_TO_32_BIT_CONVERSION = YES;
				GCC_WARN_ABOUT_RETURN_TYPE = YES_ERROR;
				GCC_WARN_UNDECLARED_SELECTOR = YES;
				GCC_WARN_UNINITIALIZED_AUTOS = YES_AGGRESSIVE;
				GCC_WARN_UNUSED_FUNCTION = YES;
				GCC_WARN_UNUSED_VARIABLE = YES;
				MACOSX_DEPLOYMENT_TARGET = 10.12;
				MTL_ENABLE_DEBUG_INFO = NO;
				SDKROOT = macosx;
				SWIFT_OPTIMIZATION_LEVEL = "-Owholemodule";
			};
			name = Release;
		};
		6C9D217F1E86A0DD00C653B0 /* Debug */ = {
			isa = XCBuildConfiguration;
			baseConfigurationReference = 480E2B3053EE013D963F5127 /* Pods-caption.debug.xcconfig */;
			buildSettings = {
				ASSETCATALOG_COMPILER_APPICON_NAME = AppIcon;
				COMBINE_HIDPI_IMAGES = YES;
				DEVELOPMENT_TEAM = JU6AZT44CN;
				INFOPLIST_FILE = caption/Info.plist;
				LD_RUNPATH_SEARCH_PATHS = "$(inherited) @executable_path/../Frameworks";
				PRODUCT_BUNDLE_IDENTIFIER = com.woutervandekamp.caption;
				PRODUCT_NAME = "$(TARGET_NAME)";
				SWIFT_VERSION = 3.0;
			};
			name = Debug;
		};
		6C9D21801E86A0DD00C653B0 /* Release */ = {
			isa = XCBuildConfiguration;
			baseConfigurationReference = B4CE11724EEC50E1E1A413D4 /* Pods-caption.release.xcconfig */;
			buildSettings = {
				ASSETCATALOG_COMPILER_APPICON_NAME = AppIcon;
				COMBINE_HIDPI_IMAGES = YES;
				DEVELOPMENT_TEAM = JU6AZT44CN;
				INFOPLIST_FILE = caption/Info.plist;
				LD_RUNPATH_SEARCH_PATHS = "$(inherited) @executable_path/../Frameworks";
				PRODUCT_BUNDLE_IDENTIFIER = com.woutervandekamp.caption;
				PRODUCT_NAME = "$(TARGET_NAME)";
				SWIFT_VERSION = 3.0;
			};
			name = Release;
		};
		6C9D21821E86A0DD00C653B0 /* Debug */ = {
			isa = XCBuildConfiguration;
			baseConfigurationReference = ACD17C1E7F93733EEDAF3E2D /* Pods-captionTests.debug.xcconfig */;
			buildSettings = {
				ALWAYS_EMBED_SWIFT_STANDARD_LIBRARIES = YES;
				BUNDLE_LOADER = "$(TEST_HOST)";
				COMBINE_HIDPI_IMAGES = YES;
				DEVELOPMENT_TEAM = JU6AZT44CN;
				INFOPLIST_FILE = captionTests/Info.plist;
				LD_RUNPATH_SEARCH_PATHS = "$(inherited) @executable_path/../Frameworks @loader_path/../Frameworks";
				PRODUCT_BUNDLE_IDENTIFIER = com.woutervandekamp.captionTests;
				PRODUCT_NAME = "$(TARGET_NAME)";
				SWIFT_VERSION = 3.0;
				TEST_HOST = "$(BUILT_PRODUCTS_DIR)/caption.app/Contents/MacOS/caption";
			};
			name = Debug;
		};
		6C9D21831E86A0DD00C653B0 /* Release */ = {
			isa = XCBuildConfiguration;
			baseConfigurationReference = 588512A1A40E9F74318F16B8 /* Pods-captionTests.release.xcconfig */;
			buildSettings = {
				ALWAYS_EMBED_SWIFT_STANDARD_LIBRARIES = YES;
				BUNDLE_LOADER = "$(TEST_HOST)";
				COMBINE_HIDPI_IMAGES = YES;
				DEVELOPMENT_TEAM = JU6AZT44CN;
				INFOPLIST_FILE = captionTests/Info.plist;
				LD_RUNPATH_SEARCH_PATHS = "$(inherited) @executable_path/../Frameworks @loader_path/../Frameworks";
				PRODUCT_BUNDLE_IDENTIFIER = com.woutervandekamp.captionTests;
				PRODUCT_NAME = "$(TARGET_NAME)";
				SWIFT_VERSION = 3.0;
				TEST_HOST = "$(BUILT_PRODUCTS_DIR)/caption.app/Contents/MacOS/caption";
			};
			name = Release;
		};
		6C9D21851E86A0DD00C653B0 /* Debug */ = {
			isa = XCBuildConfiguration;
			baseConfigurationReference = 46257F2ED0CEB96D224C0C42 /* Pods-captionUITests.debug.xcconfig */;
			buildSettings = {
				ALWAYS_EMBED_SWIFT_STANDARD_LIBRARIES = YES;
				COMBINE_HIDPI_IMAGES = YES;
				DEVELOPMENT_TEAM = JU6AZT44CN;
				INFOPLIST_FILE = captionUITests/Info.plist;
				LD_RUNPATH_SEARCH_PATHS = "$(inherited) @executable_path/../Frameworks @loader_path/../Frameworks";
				PRODUCT_BUNDLE_IDENTIFIER = com.woutervandekamp.captionUITests;
				PRODUCT_NAME = "$(TARGET_NAME)";
				SWIFT_VERSION = 3.0;
				TEST_TARGET_NAME = caption;
			};
			name = Debug;
		};
		6C9D21861E86A0DD00C653B0 /* Release */ = {
			isa = XCBuildConfiguration;
			baseConfigurationReference = 5708EC50173C0EE642C787F7 /* Pods-captionUITests.release.xcconfig */;
			buildSettings = {
				ALWAYS_EMBED_SWIFT_STANDARD_LIBRARIES = YES;
				COMBINE_HIDPI_IMAGES = YES;
				DEVELOPMENT_TEAM = JU6AZT44CN;
				INFOPLIST_FILE = captionUITests/Info.plist;
				LD_RUNPATH_SEARCH_PATHS = "$(inherited) @executable_path/../Frameworks @loader_path/../Frameworks";
				PRODUCT_BUNDLE_IDENTIFIER = com.woutervandekamp.captionUITests;
				PRODUCT_NAME = "$(TARGET_NAME)";
				SWIFT_VERSION = 3.0;
				TEST_TARGET_NAME = caption;
			};
			name = Release;
		};
/* End XCBuildConfiguration section */

/* Begin XCConfigurationList section */
		6C9D21541E86A0DD00C653B0 /* Build configuration list for PBXProject "caption" */ = {
			isa = XCConfigurationList;
			buildConfigurations = (
				6C9D217C1E86A0DD00C653B0 /* Debug */,
				6C9D217D1E86A0DD00C653B0 /* Release */,
			);
			defaultConfigurationIsVisible = 0;
			defaultConfigurationName = Release;
		};
		6C9D217E1E86A0DD00C653B0 /* Build configuration list for PBXNativeTarget "caption" */ = {
			isa = XCConfigurationList;
			buildConfigurations = (
				6C9D217F1E86A0DD00C653B0 /* Debug */,
				6C9D21801E86A0DD00C653B0 /* Release */,
			);
			defaultConfigurationIsVisible = 0;
			defaultConfigurationName = Release;
		};
		6C9D21811E86A0DD00C653B0 /* Build configuration list for PBXNativeTarget "captionTests" */ = {
			isa = XCConfigurationList;
			buildConfigurations = (
				6C9D21821E86A0DD00C653B0 /* Debug */,
				6C9D21831E86A0DD00C653B0 /* Release */,
			);
			defaultConfigurationIsVisible = 0;
			defaultConfigurationName = Release;
		};
		6C9D21841E86A0DD00C653B0 /* Build configuration list for PBXNativeTarget "captionUITests" */ = {
			isa = XCConfigurationList;
			buildConfigurations = (
				6C9D21851E86A0DD00C653B0 /* Debug */,
				6C9D21861E86A0DD00C653B0 /* Release */,
			);
			defaultConfigurationIsVisible = 0;
			defaultConfigurationName = Release;
		};
/* End XCConfigurationList section */
	};
	rootObject = 6C9D21511E86A0DD00C653B0 /* Project object */;
}
